{
  "name": "image_converter",
  "version": "0.0.1",
  "lockfileVersion": 1,
  "requires": true,
  "dependencies": {
    "bluebird": {
      "version": "3.5.1",
      "resolved": "https://registry.npmjs.org/bluebird/-/bluebird-3.5.1.tgz",
      "integrity": "sha512-MKiLiV+I1AA596t9w1sQJ8jkiSr5+ZKi0WKrYGUn6d1Fx+Ij4tIj+m2WMQSGczs5jZVxV339chE8iwk6F64wjA=="
    },
    "imagejs": {
      "version": "0.0.9",
      "resolved": "https://registry.npmjs.org/imagejs/-/imagejs-0.0.9.tgz",
      "integrity": "sha1-JoBkWQD211+/D2e7wAY+aIiufr4=",
      "requires": {
        "bluebird": "*",
        "jpeg-js": "0.1.1",
        "node-png": "0.4.3",
        "underscore": "1.4.4"
      },
      "dependencies": {
        "jpeg-js": {
          "version": "0.1.1",
          "resolved": "https://registry.npmjs.org/jpeg-js/-/jpeg-js-0.1.1.tgz",
          "integrity": "sha1-Kl/xljb+J+O2Za2UI0dctraYaY0="
        }
      }
    },
    "node-png": {
      "version": "0.4.3",
      "resolved": "https://registry.npmjs.org/node-png/-/node-png-0.4.3.tgz",
      "integrity": "sha1-RQIjeWuC08yg/+Sl1cf6l0hZdOc="
    },
    "underscore": {
      "version": "1.4.4",
      "resolved": "https://registry.npmjs.org/underscore/-/underscore-1.4.4.tgz",
      "integrity": "sha1-YaajIBBiKvoHljvzJSA88SI51gQ="
    }
  }
}
